
Microsoft Visual Studio Solution File, Format Version 12.00
# Visual Studio Version 16
VisualStudioVersion = 16.0.30320.27
MinimumVisualStudioVersion = 10.0.40219.1
Project("{9A19103F-16F7-4668-BE54-9A1E7A4F7556}") = "57BlocksCRUD", "57BlocksCRUD.csproj", "{3F5ABC79-1067-4B6A-A115-A3CB6C5C94C8}"
EndProject
Project("{9A19103F-16F7-4668-BE54-9A1E7A4F7556}") = "57BlocksApiRest", "..\57BlocksApiRest\57BlocksApiRest.csproj", "{AE754E71-BA5A-4F3A-B553-B69A19F7C79F}"
EndProject
Global
	GlobalSection(SolutionConfigurationPlatforms) = preSolution
		Debug|Any CPU = Debug|Any CPU
		Release|Any CPU = Release|Any CPU
	EndGlobalSection
	GlobalSection(ProjectConfigurationPlatforms) = postSolution
		{3F5ABC79-1067-4B6A-A115-A3CB6C5C94C8}.Debug|Any CPU.ActiveCfg = Debug|Any CPU
		{3F5ABC79-1067-4B6A-A115-A3CB6C5C94C8}.Debug|Any CPU.Build.0 = Debug|Any CPU
		{3F5ABC79-1067-4B6A-A115-A3CB6C5C94C8}.Release|Any CPU.ActiveCfg = Release|Any CPU
		{3F5ABC79-1067-4B6A-A115-A3CB6C5C94C8}.Release|Any CPU.Build.0 = Release|Any CPU
		{AE754E71-BA5A-4F3A-B553-B69A19F7C79F}.Debug|Any CPU.ActiveCfg = Debug|Any CPU
		{AE754E71-BA5A-4F3A-B553-B69A19F7C79F}.Debug|Any CPU.Build.0 = Debug|Any CPU
		{AE754E71-BA5A-4F3A-B553-B69A19F7C79F}.Release|Any CPU.ActiveCfg = Release|Any CPU
		{AE754E71-BA5A-4F3A-B553-B69A19F7C79F}.Release|Any CPU.Build.0 = Release|Any CPU
	EndGlobalSection
	GlobalSection(SolutionProperties) = preSolution
		HideSolutionNode = FALSE
	EndGlobalSection
	GlobalSection(ExtensibilityGlobals) = postSolution
		SolutionGuid = {FF1952E5-C94E-4302-8536-677D5E9B8827}
	EndGlobalSection
EndGlobal
